{
  "name": "factory-test",
  "version": "1.0.0",
  "lockfileVersion": 2,
  "requires": true,
  "packages": {
    "": {
      "name": "factory-test",
      "version": "1.0.0",
      "license": "ISC",
      "dependencies": {
        "@huideyeren/type-gimei": "^1.0.0",
        "rosie": "^2.1.0"
      }
    },
    "node_modules/@huideyeren/type-gimei": {
      "version": "1.0.0",
      "resolved": "https://registry.npmjs.org/@huideyeren/type-gimei/-/type-gimei-1.0.0.tgz",
      "integrity": "sha512-8S9zKmJCxiShIbLsxr+W1tCvGciDcXNhOVu5F1Y+UkBnibD/7LHKXHb/f+jRAs+HEDUPNk22q/yvCCJzsy0CUQ==",
      "dependencies": {
        "@types/js-yaml": "^3.12.6",
        "@types/node": "^10.17.55",
        "jaconv": "^1.0.4",
        "js-yaml": ">=3.13.1",
        "tslib": "^1.14.1"
      }
    },
    "node_modules/@types/js-yaml": {
      "version": "3.12.7",
      "resolved": "https://registry.npmjs.org/@types/js-yaml/-/js-yaml-3.12.7.tgz",
      "integrity": "sha512-S6+8JAYTE1qdsc9HMVsfY7+SgSuUU/Tp6TYTmITW0PZxiyIMvol3Gy//y69Wkhs0ti4py5qgR3uZH6uz/DNzJQ=="
    },
    "node_modules/@types/node": {
      "version": "10.17.60",
      "resolved": "https://registry.npmjs.org/@types/node/-/node-10.17.60.tgz",
      "integrity": "sha512-F0KIgDJfy2nA3zMLmWGKxcH2ZVEtCZXHHdOQs2gSaQ27+lNeEfGxzkIw90aXswATX7AZ33tahPbzy6KAfUreVw=="
    },
    "node_modules/argparse": {
      "version": "2.0.1",
      "resolved": "https://registry.npmjs.org/argparse/-/argparse-2.0.1.tgz",
      "integrity": "sha512-8+9WqebbFzpX9OR+Wa6O29asIogeRMzcGtAINdpMHHyAg10f05aSFVBbcEqGf/PXw1EjAZ+q2/bEBg3DvurK3Q=="
    },
    "node_modules/jaconv": {
      "version": "1.0.4",
      "resolved": "https://registry.npmjs.org/jaconv/-/jaconv-1.0.4.tgz",
      "integrity": "sha512-7cB2JN+sMAf5zpdeclDh1Rzqi5E/9fX348GsRg83HrusRvBFDqsRKH+czME55glrW3nBcBYrOzl9OCp7r39psg=="
    },
    "node_modules/js-yaml": {
      "version": "4.1.0",
      "resolved": "https://registry.npmjs.org/js-yaml/-/js-yaml-4.1.0.tgz",
      "integrity": "sha512-wpxZs9NoxZaJESJGIZTyDEaYpl0FKSA+FB9aJiyemKhMwkxQg63h4T1KJgUGHpTqPDNRcmmYLugrRjJlBtWvRA==",
      "dependencies": {
        "argparse": "^2.0.1"
      },
      "bin": {
        "js-yaml": "bin/js-yaml.js"
      }
    },
    "node_modules/rosie": {
      "version": "2.1.0",
      "resolved": "https://registry.npmjs.org/rosie/-/rosie-2.1.0.tgz",
      "integrity": "sha512-Dbzdc+prLXZuB/suRptDnBUY29SdGvND3bLg6cll8n7PNqzuyCxSlRfrkn8PqjS9n4QVsiM7RCvxCkKAkTQRjA==",
      "engines": {
        "node": ">=10"
      }
    },
    "node_modules/tslib": {
      "version": "1.14.1",
      "resolved": "https://registry.npmjs.org/tslib/-/tslib-1.14.1.tgz",
      "integrity": "sha512-Xni35NKzjgMrwevysHTCArtLDpPvye8zV/0E4EyYn43P7/7qvQwPh9BGkHewbMulVntbigmcT7rdX3BNo9wRJg=="
    }
  },
  "dependencies": {
    "@huideyeren/type-gimei": {
      "version": "1.0.0",
      "resolved": "https://registry.npmjs.org/@huideyeren/type-gimei/-/type-gimei-1.0.0.tgz",
      "integrity": "sha512-8S9zKmJCxiShIbLsxr+W1tCvGciDcXNhOVu5F1Y+UkBnibD/7LHKXHb/f+jRAs+HEDUPNk22q/yvCCJzsy0CUQ==",
      "requires": {
        "@types/js-yaml": "^3.12.6",
        "@types/node": "^10.17.55",
        "jaconv": "^1.0.4",
        "js-yaml": ">=3.13.1",
        "tslib": "^1.14.1"
      }
    },
    "@types/js-yaml": {
      "version": "3.12.7",
      "resolved": "https://registry.npmjs.org/@types/js-yaml/-/js-yaml-3.12.7.tgz",
      "integrity": "sha512-S6+8JAYTE1qdsc9HMVsfY7+SgSuUU/Tp6TYTmITW0PZxiyIMvol3Gy//y69Wkhs0ti4py5qgR3uZH6uz/DNzJQ=="
    },
    "@types/node": {
      "version": "10.17.60",
      "resolved": "https://registry.npmjs.org/@types/node/-/node-10.17.60.tgz",
      "integrity": "sha512-F0KIgDJfy2nA3zMLmWGKxcH2ZVEtCZXHHdOQs2gSaQ27+lNeEfGxzkIw90aXswATX7AZ33tahPbzy6KAfUreVw=="
    },
    "argparse": {
      "version": "2.0.1",
      "resolved": "https://registry.npmjs.org/argparse/-/argparse-2.0.1.tgz",
      "integrity": "sha512-8+9WqebbFzpX9OR+Wa6O29asIogeRMzcGtAINdpMHHyAg10f05aSFVBbcEqGf/PXw1EjAZ+q2/bEBg3DvurK3Q=="
    },
    "jaconv": {
      "version": "1.0.4",
      "resolved": "https://registry.npmjs.org/jaconv/-/jaconv-1.0.4.tgz",
      "integrity": "sha512-7cB2JN+sMAf5zpdeclDh1Rzqi5E/9fX348GsRg83HrusRvBFDqsRKH+czME55glrW3nBcBYrOzl9OCp7r39psg=="
    },
    "js-yaml": {
      "version": "4.1.0",
      "resolved": "https://registry.npmjs.org/js-yaml/-/js-yaml-4.1.0.tgz",
      "integrity": "sha512-wpxZs9NoxZaJESJGIZTyDEaYpl0FKSA+FB9aJiyemKhMwkxQg63h4T1KJgUGHpTqPDNRcmmYLugrRjJlBtWvRA==",
      "requires": {
        "argparse": "^2.0.1"
      }
    },
    "rosie": {
      "version": "2.1.0",
      "resolved": "https://registry.npmjs.org/rosie/-/rosie-2.1.0.tgz",
      "integrity": "sha512-Dbzdc+prLXZuB/suRptDnBUY29SdGvND3bLg6cll8n7PNqzuyCxSlRfrkn8PqjS9n4QVsiM7RCvxCkKAkTQRjA=="
    },
    "tslib": {
      "version": "1.14.1",
      "resolved": "https://registry.npmjs.org/tslib/-/tslib-1.14.1.tgz",
      "integrity": "sha512-Xni35NKzjgMrwevysHTCArtLDpPvye8zV/0E4EyYn43P7/7qvQwPh9BGkHewbMulVntbigmcT7rdX3BNo9wRJg=="
    }
  }
}
